<?xml version="1.0" encoding="UTF-8"?>
<CodeBlocks_project_file>
	<FileVersion major="1" minor="6"/>
	<Project>
		<Option title="osqp_demo"/>
		<Option makefile_is_custom="1"/>
		<Option compiler="gcc"/>
		<Option virtualFolders="CMake Files\;CMake Files\..\;CMake Files\..\..\;CMake Files\..\..\..\;CMake Files\..\..\..\usr\;CMake Files\..\..\..\usr\local\;CMake Files\..\..\..\usr\local\lib\;CMake Files\..\..\..\usr\local\lib\cmake\;CMake Files\..\..\..\usr\local\lib\cmake\osqp\;"/>
		<Build>
			<Target title="all">
				<Option working_dir="/home/jiaotong404/demo"/>
				<Option type="4"/>
				<MakeCommands>
					<Build command="/usr/bin/make -j12 -f &quot;/home/jiaotong404/demo/Makefile&quot;  VERBOSE=1 all"/>
					<CompileFile command="/usr/bin/make -j12 -f &quot;/home/jiaotong404/demo/Makefile&quot;  VERBOSE=1 &quot;$file&quot;"/>
					<Clean command="/usr/bin/make -j12 -f &quot;/home/jiaotong404/demo/Makefile&quot;  VERBOSE=1 clean"/>
					<DistClean command="/usr/bin/make -j12 -f &quot;/home/jiaotong404/demo/Makefile&quot;  VERBOSE=1 clean"/>
				</MakeCommands>
			</Target>
			<Target title="rebuild_cache">
				<Option working_dir="/home/jiaotong404/demo"/>
				<Option type="4"/>
				<MakeCommands>
					<Build command="/usr/bin/make -j12 -f &quot;/home/jiaotong404/demo/Makefile&quot;  VERBOSE=1 rebuild_cache"/>
					<CompileFile command="/usr/bin/make -j12 -f &quot;/home/jiaotong404/demo/Makefile&quot;  VERBOSE=1 &quot;$file&quot;"/>
					<Clean command="/usr/bin/make -j12 -f &quot;/home/jiaotong404/demo/Makefile&quot;  VERBOSE=1 clean"/>
					<DistClean command="/usr/bin/make -j12 -f &quot;/home/jiaotong404/demo/Makefile&quot;  VERBOSE=1 clean"/>
				</MakeCommands>
			</Target>
			<Target title="osqp_demo">
				<Option output="/home/jiaotong404/demo/osqp_demo" prefix_auto="0" extension_auto="0"/>
				<Option working_dir="/home/jiaotong404/demo"/>
				<Option object_output="./"/>
				<Option type="1"/>
				<Option compiler="gcc"/>
				<Compiler>
					<Add directory="/usr/local/include/osqp"/>
					<Add directory="/usr/include/c++/5"/>
					<Add directory="/usr/include/x86_64-linux-gnu/c++/5"/>
					<Add directory="/usr/include/c++/5/backward"/>
					<Add directory="/usr/lib/gcc/x86_64-linux-gnu/5/include"/>
					<Add directory="/usr/local/include"/>
					<Add directory="/usr/lib/gcc/x86_64-linux-gnu/5/include-fixed"/>
					<Add directory="/usr/include/x86_64-linux-gnu"/>
					<Add directory="/usr/include"/>
				</Compiler>
				<MakeCommands>
					<Build command="/usr/bin/make -j12 -f &quot;/home/jiaotong404/demo/Makefile&quot;  VERBOSE=1 osqp_demo"/>
					<CompileFile command="/usr/bin/make -j12 -f &quot;/home/jiaotong404/demo/Makefile&quot;  VERBOSE=1 &quot;$file&quot;"/>
					<Clean command="/usr/bin/make -j12 -f &quot;/home/jiaotong404/demo/Makefile&quot;  VERBOSE=1 clean"/>
					<DistClean command="/usr/bin/make -j12 -f &quot;/home/jiaotong404/demo/Makefile&quot;  VERBOSE=1 clean"/>
				</MakeCommands>
			</Target>
			<Target title="osqp_demo/fast">
				<Option output="/home/jiaotong404/demo/osqp_demo" prefix_auto="0" extension_auto="0"/>
				<Option working_dir="/home/jiaotong404/demo"/>
				<Option object_output="./"/>
				<Option type="1"/>
				<Option compiler="gcc"/>
				<Compiler>
					<Add directory="/usr/local/include/osqp"/>
					<Add directory="/usr/include/c++/5"/>
					<Add directory="/usr/include/x86_64-linux-gnu/c++/5"/>
					<Add directory="/usr/include/c++/5/backward"/>
					<Add directory="/usr/lib/gcc/x86_64-linux-gnu/5/include"/>
					<Add directory="/usr/local/include"/>
					<Add directory="/usr/lib/gcc/x86_64-linux-gnu/5/include-fixed"/>
					<Add directory="/usr/include/x86_64-linux-gnu"/>
					<Add directory="/usr/include"/>
				</Compiler>
				<MakeCommands>
					<Build command="/usr/bin/make -j12 -f &quot;/home/jiaotong404/demo/Makefile&quot;  VERBOSE=1 osqp_demo/fast"/>
					<CompileFile command="/usr/bin/make -j12 -f &quot;/home/jiaotong404/demo/Makefile&quot;  VERBOSE=1 &quot;$file&quot;"/>
					<Clean command="/usr/bin/make -j12 -f &quot;/home/jiaotong404/demo/Makefile&quot;  VERBOSE=1 clean"/>
					<DistClean command="/usr/bin/make -j12 -f &quot;/home/jiaotong404/demo/Makefile&quot;  VERBOSE=1 clean"/>
				</MakeCommands>
			</Target>
			<Target title="edit_cache">
				<Option working_dir="/home/jiaotong404/demo"/>
				<Option type="4"/>
				<MakeCommands>
					<Build command="/usr/bin/make -j12 -f &quot;/home/jiaotong404/demo/Makefile&quot;  VERBOSE=1 edit_cache"/>
					<CompileFile command="/usr/bin/make -j12 -f &quot;/home/jiaotong404/demo/Makefile&quot;  VERBOSE=1 &quot;$file&quot;"/>
					<Clean command="/usr/bin/make -j12 -f &quot;/home/jiaotong404/demo/Makefile&quot;  VERBOSE=1 clean"/>
					<DistClean command="/usr/bin/make -j12 -f &quot;/home/jiaotong404/demo/Makefile&quot;  VERBOSE=1 clean"/>
				</MakeCommands>
			</Target>
		</Build>
		<Unit filename="/home/jiaotong404/demo/osqp_demo.cc">
			<Option target="osqp_demo"/>
		</Unit>
		<Unit filename="/home/jiaotong404/demo/osqp_problem.cc">
			<Option target="osqp_demo"/>
		</Unit>
		<Unit filename="/home/jiaotong404/demo/osqp_problem.h">
			<Option target="osqp_demo"/>
		</Unit>
		<Unit filename="/home/jiaotong404/demo/CMakeLists.txt">
			<Option virtualFolder="CMake Files\"/>
		</Unit>
		<Unit filename="/home/jiaotong404/demo/../../../usr/local/lib/cmake/osqp/osqp-config.cmake">
			<Option virtualFolder="CMake Files\..\..\..\usr\local\lib\cmake\osqp\"/>
		</Unit>
		<Unit filename="/home/jiaotong404/demo/../../../usr/local/lib/cmake/osqp/osqp-targets-noconfig.cmake">
			<Option virtualFolder="CMake Files\..\..\..\usr\local\lib\cmake\osqp\"/>
		</Unit>
		<Unit filename="/home/jiaotong404/demo/../../../usr/local/lib/cmake/osqp/osqp-targets.cmake">
			<Option virtualFolder="CMake Files\..\..\..\usr\local\lib\cmake\osqp\"/>
		</Unit>
	</Project>
</CodeBlocks_project_file>
